
Microsoft Visual Studio Solution File, Format Version 12.00
# Visual Studio Version 17
VisualStudioVersion = 17.5.002.0
MinimumVisualStudioVersion = 10.0.40219.1
Project("{9A19103F-16F7-4668-BE54-9A1E7A4F7556}") = "api", "API\api.csproj", "{0D105BE0-F79F-415B-9872-F29506A5EEF8}"
EndProject
Global
	GlobalSection(SolutionConfigurationPlatforms) = preSolution
		Debug|Any CPU = Debug|Any CPU
		Release|Any CPU = Release|Any CPU
	EndGlobalSection
	GlobalSection(ProjectConfigurationPlatforms) = postSolution
		{0D105BE0-F79F-415B-9872-F29506A5EEF8}.Debug|Any CPU.ActiveCfg = Debug|Any CPU
		{0D105BE0-F79F-415B-9872-F29506A5EEF8}.Debug|Any CPU.Build.0 = Debug|Any CPU
		{0D105BE0-F79F-415B-9872-F29506A5EEF8}.Release|Any CPU.ActiveCfg = Release|Any CPU
		{0D105BE0-F79F-415B-9872-F29506A5EEF8}.Release|Any CPU.Build.0 = Release|Any CPU
	EndGlobalSection
	GlobalSection(SolutionProperties) = preSolution
		HideSolutionNode = FALSE
	EndGlobalSection
	GlobalSection(ExtensibilityGlobals) = postSolution
		SolutionGuid = {F79AAA47-1AEE-4AF3-83DE-2A9B48755E32}
	EndGlobalSection
EndGlobal
